
Microsoft Visual Studio Solution File, Format Version 12.00
# Visual Studio Version 16
VisualStudioVersion = 16.0.28803.202
MinimumVisualStudioVersion = 10.0.40219.1
Project("{9A19103F-16F7-4668-BE54-9A1E7A4F7556}") = "clio", "bpmcli\clio.csproj", "{CE8FEF29-6FCA-44BD-96A4-19778B44989A}"
EndProject
Project("{9A19103F-16F7-4668-BE54-9A1E7A4F7556}") = "clio.tests", "bpmdev.tests\clio.tests.csproj", "{718FE94B-0CB7-4977-B2D7-E661C8E57555}"
EndProject
Project("{9A19103F-16F7-4668-BE54-9A1E7A4F7556}") = "updater", "updater\updater.csproj", "{29C0EE4B-0CA0-41F3-963F-392326C0E7BA}"
EndProject
Project("{FAE04EC0-301F-11D3-BF4B-00C04F79EFBC}") = "cliogate", "bpmcligate\cliogate.csproj", "{E24226F9-C177-458F-AF34-9338E2699983}"
EndProject
Global
	GlobalSection(SolutionConfigurationPlatforms) = preSolution
		Debug|Any CPU = Debug|Any CPU
		Release|Any CPU = Release|Any CPU
	EndGlobalSection
	GlobalSection(ProjectConfigurationPlatforms) = postSolution
		{CE8FEF29-6FCA-44BD-96A4-19778B44989A}.Debug|Any CPU.ActiveCfg = Debug|Any CPU
		{CE8FEF29-6FCA-44BD-96A4-19778B44989A}.Debug|Any CPU.Build.0 = Debug|Any CPU
		{CE8FEF29-6FCA-44BD-96A4-19778B44989A}.Release|Any CPU.ActiveCfg = Release|Any CPU
		{CE8FEF29-6FCA-44BD-96A4-19778B44989A}.Release|Any CPU.Build.0 = Release|Any CPU
		{718FE94B-0CB7-4977-B2D7-E661C8E57555}.Debug|Any CPU.ActiveCfg = Debug|Any CPU
		{718FE94B-0CB7-4977-B2D7-E661C8E57555}.Debug|Any CPU.Build.0 = Debug|Any CPU
		{718FE94B-0CB7-4977-B2D7-E661C8E57555}.Release|Any CPU.ActiveCfg = Release|Any CPU
		{718FE94B-0CB7-4977-B2D7-E661C8E57555}.Release|Any CPU.Build.0 = Release|Any CPU
		{29C0EE4B-0CA0-41F3-963F-392326C0E7BA}.Debug|Any CPU.ActiveCfg = Debug|Any CPU
		{29C0EE4B-0CA0-41F3-963F-392326C0E7BA}.Debug|Any CPU.Build.0 = Debug|Any CPU
		{29C0EE4B-0CA0-41F3-963F-392326C0E7BA}.Release|Any CPU.ActiveCfg = Release|Any CPU
		{29C0EE4B-0CA0-41F3-963F-392326C0E7BA}.Release|Any CPU.Build.0 = Release|Any CPU
		{E24226F9-C177-458F-AF34-9338E2699983}.Debug|Any CPU.ActiveCfg = Debug|Any CPU
		{E24226F9-C177-458F-AF34-9338E2699983}.Debug|Any CPU.Build.0 = Debug|Any CPU
		{E24226F9-C177-458F-AF34-9338E2699983}.Release|Any CPU.ActiveCfg = Release|Any CPU
		{E24226F9-C177-458F-AF34-9338E2699983}.Release|Any CPU.Build.0 = Release|Any CPU
	EndGlobalSection
	GlobalSection(SolutionProperties) = preSolution
		HideSolutionNode = FALSE
	EndGlobalSection
	GlobalSection(ExtensibilityGlobals) = postSolution
		SolutionGuid = {2DEC7203-A0AA-4F2B-AEF8-20E88BA5C006}
	EndGlobalSection
EndGlobal
