
Microsoft Visual Studio Solution File, Format Version 12.00
# Visual Studio Version 17
VisualStudioVersion = 17.5.002.0
MinimumVisualStudioVersion = 10.0.40219.1
Project("{9A19103F-16F7-4668-BE54-9A1E7A4F7556}") = "clio.tests", "clio.tests.csproj", "{61A40A0C-6392-4408-96CC-11A91DF2CDA3}"
EndProject
Project("{9A19103F-16F7-4668-BE54-9A1E7A4F7556}") = "Proj", "samplefiles\Proj.csproj", "{9C177F17-51B9-4EC7-9E90-093A4937FCE4}"
EndProject
Project("{2150E333-8FDC-42A3-9474-1A3956D46DE8}") = "bin", "bin", "{07F29221-6FF1-4F6D-87A2-D5D23F736D58}"
EndProject
Project("{2150E333-8FDC-42A3-9474-1A3956D46DE8}") = "Debug", "Debug", "{D2D608C3-AA5E-4355-8A15-6ABF116DE442}"
EndProject
Project("{2150E333-8FDC-42A3-9474-1A3956D46DE8}") = "net6.0", "net6.0", "{D59B8361-801A-403A-9D51-602EDD33EF7D}"
EndProject
Project("{9A19103F-16F7-4668-BE54-9A1E7A4F7556}") = "Proj", "bin\Debug\net6.0\samplefiles\Proj.csproj", "{C3CA2B90-6013-4E6C-835E-AD72E40A9111}"
EndProject
Project("{9A19103F-16F7-4668-BE54-9A1E7A4F7556}") = "Test", "bin\Debug\net6.0\Test\Test.csproj", "{10206507-83D4-478A-9636-3002AB075E01}"
EndProject
Project("{9A19103F-16F7-4668-BE54-9A1E7A4F7556}") = "TestPackage", "bin\Debug\net6.0\TestResult\TestPackage.csproj", "{764E3640-F9DB-4236-9C01-EED0C56B9FD9}"
EndProject
Project("{2150E333-8FDC-42A3-9474-1A3956D46DE8}") = "netcoreapp3.1", "netcoreapp3.1", "{AF5E5EE6-717A-4A9E-B65E-50CE25D4C064}"
EndProject
Project("{9A19103F-16F7-4668-BE54-9A1E7A4F7556}") = "Proj", "bin\Debug\netcoreapp3.1\samplefiles\Proj.csproj", "{D8DCC8CE-DC75-45A4-ADD6-1DB1C3AE37AF}"
EndProject
Project("{9A19103F-16F7-4668-BE54-9A1E7A4F7556}") = "Test", "bin\Debug\netcoreapp3.1\Test\Test.csproj", "{7CF82991-D413-4C11-89A5-93EA3147A06D}"
EndProject
Project("{2150E333-8FDC-42A3-9474-1A3956D46DE8}") = "Release", "Release", "{643B9879-AA57-4445-9EF7-0C674A188975}"
EndProject
Project("{2150E333-8FDC-42A3-9474-1A3956D46DE8}") = "net6.0", "net6.0", "{4281BEA4-916B-4627-BF72-A03519BCF1A8}"
EndProject
Project("{9A19103F-16F7-4668-BE54-9A1E7A4F7556}") = "Proj", "bin\Release\net6.0\samplefiles\Proj.csproj", "{B38B4485-260A-478E-9190-9A77F0AA455C}"
EndProject
Project("{2150E333-8FDC-42A3-9474-1A3956D46DE8}") = "TestResult", "TestResult", "{AD4E9C46-738C-42DB-90E9-B83DD04DBF9E}"
EndProject
Project("{9A19103F-16F7-4668-BE54-9A1E7A4F7556}") = "TestPackage", "bin\Debug\net6.0\TestResult\TestPackage\TestPackage.csproj", "{F38C1D58-FEC9-477F-9DEC-9B05B06D9CC0}"
EndProject
Project("{2150E333-8FDC-42A3-9474-1A3956D46DE8}") = "fine-code-coverage", "fine-code-coverage", "{CCB9906C-91EB-460C-988E-5C0B02C06870}"
EndProject
Project("{2150E333-8FDC-42A3-9474-1A3956D46DE8}") = "build-output", "build-output", "{1930D37C-1CD7-48FD-AEBB-48F8826666C9}"
EndProject
Project("{9A19103F-16F7-4668-BE54-9A1E7A4F7556}") = "Proj", "bin\Debug\net6.0\fine-code-coverage\build-output\samplefiles\Proj.csproj", "{4113FDE1-8E3F-4ACC-A084-1C0633F16CCF}"
EndProject
Project("{9A19103F-16F7-4668-BE54-9A1E7A4F7556}") = "Test", "bin\Debug\net6.0\fine-code-coverage\build-output\Test\Test.csproj", "{95789005-6265-4214-AE8E-502CCAD8B037}"
EndProject
Project("{2150E333-8FDC-42A3-9474-1A3956D46DE8}") = "tpl", "tpl", "{6F42C625-6050-4805-AB64-B6127708331A}"
EndProject
Project("{2150E333-8FDC-42A3-9474-1A3956D46DE8}") = "package", "package", "{ECC5389F-0D0A-4494-924F-4D2E542F4B87}"
EndProject
Project("{9A19103F-16F7-4668-BE54-9A1E7A4F7556}") = "PackageName", "bin\Debug\net6.0\tpl\package\Files\PackageName.csproj", "{9D8488FD-D3CF-40AE-AB0D-C25414D14971}"
EndProject
Project("{2150E333-8FDC-42A3-9474-1A3956D46DE8}") = "fine-code-coverage", "fine-code-coverage", "{F3883909-AA93-4C41-9A7F-BEC20977005B}"
EndProject
Project("{2150E333-8FDC-42A3-9474-1A3956D46DE8}") = "build-output", "build-output", "{2A0F2577-EC75-4B18-A8E1-73FF2CC90987}"
EndProject
Project("{9A19103F-16F7-4668-BE54-9A1E7A4F7556}") = "Proj", "bin\Debug\netcoreapp3.1\fine-code-coverage\build-output\samplefiles\Proj.csproj", "{23CC6CA8-870F-48EB-BADB-583858665377}"
EndProject
Project("{9A19103F-16F7-4668-BE54-9A1E7A4F7556}") = "Test", "bin\Debug\netcoreapp3.1\fine-code-coverage\build-output\Test\Test.csproj", "{49A3CA67-BBB6-4EF1-90C6-C1F9CA16783A}"
EndProject
Project("{2150E333-8FDC-42A3-9474-1A3956D46DE8}") = "tpl", "tpl", "{D65A1985-A48C-4D93-BB5A-255F263FD114}"
EndProject
Project("{2150E333-8FDC-42A3-9474-1A3956D46DE8}") = "package", "package", "{258A521B-DE31-4E85-92C3-717B64FFD25A}"
EndProject
Project("{9A19103F-16F7-4668-BE54-9A1E7A4F7556}") = "PackageName", "bin\Debug\netcoreapp3.1\tpl\package\Files\PackageName.csproj", "{27BD07F8-669E-4466-9BD9-C7188324583E}"
EndProject
Project("{2150E333-8FDC-42A3-9474-1A3956D46DE8}") = "tpl", "tpl", "{26F7E469-54E0-4932-96E4-E6881D56A407}"
EndProject
Project("{2150E333-8FDC-42A3-9474-1A3956D46DE8}") = "package", "package", "{8840E789-6BBA-4BD4-B888-22DA11334CAC}"
EndProject
Project("{9A19103F-16F7-4668-BE54-9A1E7A4F7556}") = "PackageName", "bin\Release\net6.0\tpl\package\Files\PackageName.csproj", "{1AC6FD27-162D-42D2-94C9-06520C5B4082}"
EndProject
Project("{2150E333-8FDC-42A3-9474-1A3956D46DE8}") = "publish", "publish", "{A67991AE-4FBA-474C-BA85-59BED0F9BCCB}"
EndProject
Project("{2150E333-8FDC-42A3-9474-1A3956D46DE8}") = "tpl", "tpl", "{CC5AD7D1-12F2-48EB-BE1F-ABE78DD3359B}"
EndProject
Project("{2150E333-8FDC-42A3-9474-1A3956D46DE8}") = "package", "package", "{FC84EB81-42CA-447A-B95A-5D11ECA98548}"
EndProject
Project("{9A19103F-16F7-4668-BE54-9A1E7A4F7556}") = "PackageName", "bin\Debug\net6.0\publish\tpl\package\Files\PackageName.csproj", "{CC9DDAD7-2B11-470A-A6F2-3097499EC5A5}"
EndProject
Project("{2150E333-8FDC-42A3-9474-1A3956D46DE8}") = "tpl", "tpl", "{06A95D67-0406-4257-92E1-A659CB1720AA}"
EndProject
Project("{2150E333-8FDC-42A3-9474-1A3956D46DE8}") = "package", "package", "{3D856C84-B3F3-4613-8C4F-F5AE8766533F}"
EndProject
Project("{9A19103F-16F7-4668-BE54-9A1E7A4F7556}") = "PackageName", "bin\Debug\net6.0\fine-code-coverage\build-output\tpl\package\Files\PackageName.csproj", "{C80A34BC-A070-470A-BE34-9EA4D4EE16ED}"
EndProject
Project("{2150E333-8FDC-42A3-9474-1A3956D46DE8}") = "tpl", "tpl", "{F370B1E8-BC9D-4674-901D-DA31A1554971}"
EndProject
Project("{2150E333-8FDC-42A3-9474-1A3956D46DE8}") = "package", "package", "{085AFC57-FFA9-491E-816B-C355FC034D69}"
EndProject
Project("{9A19103F-16F7-4668-BE54-9A1E7A4F7556}") = "PackageName", "bin\Debug\netcoreapp3.1\fine-code-coverage\build-output\tpl\package\Files\PackageName.csproj", "{71B43AD1-C6E6-4A29-A3F3-D2D298CCAF3E}"
EndProject
Global
	GlobalSection(SolutionConfigurationPlatforms) = preSolution
		Debug|Any CPU = Debug|Any CPU
		Release|Any CPU = Release|Any CPU
	EndGlobalSection
	GlobalSection(ProjectConfigurationPlatforms) = postSolution
		{61A40A0C-6392-4408-96CC-11A91DF2CDA3}.Debug|Any CPU.ActiveCfg = Debug|Any CPU
		{61A40A0C-6392-4408-96CC-11A91DF2CDA3}.Debug|Any CPU.Build.0 = Debug|Any CPU
		{61A40A0C-6392-4408-96CC-11A91DF2CDA3}.Release|Any CPU.ActiveCfg = Release|Any CPU
		{61A40A0C-6392-4408-96CC-11A91DF2CDA3}.Release|Any CPU.Build.0 = Release|Any CPU
		{9C177F17-51B9-4EC7-9E90-093A4937FCE4}.Debug|Any CPU.ActiveCfg = Debug|Any CPU
		{9C177F17-51B9-4EC7-9E90-093A4937FCE4}.Debug|Any CPU.Build.0 = Debug|Any CPU
		{9C177F17-51B9-4EC7-9E90-093A4937FCE4}.Release|Any CPU.ActiveCfg = Release|Any CPU
		{9C177F17-51B9-4EC7-9E90-093A4937FCE4}.Release|Any CPU.Build.0 = Release|Any CPU
		{C3CA2B90-6013-4E6C-835E-AD72E40A9111}.Debug|Any CPU.ActiveCfg = Debug|Any CPU
		{C3CA2B90-6013-4E6C-835E-AD72E40A9111}.Debug|Any CPU.Build.0 = Debug|Any CPU
		{C3CA2B90-6013-4E6C-835E-AD72E40A9111}.Release|Any CPU.ActiveCfg = Release|Any CPU
		{C3CA2B90-6013-4E6C-835E-AD72E40A9111}.Release|Any CPU.Build.0 = Release|Any CPU
		{10206507-83D4-478A-9636-3002AB075E01}.Debug|Any CPU.ActiveCfg = Debug|Any CPU
		{10206507-83D4-478A-9636-3002AB075E01}.Debug|Any CPU.Build.0 = Debug|Any CPU
		{10206507-83D4-478A-9636-3002AB075E01}.Release|Any CPU.ActiveCfg = Release|Any CPU
		{10206507-83D4-478A-9636-3002AB075E01}.Release|Any CPU.Build.0 = Release|Any CPU
		{764E3640-F9DB-4236-9C01-EED0C56B9FD9}.Debug|Any CPU.ActiveCfg = Debug|Any CPU
		{764E3640-F9DB-4236-9C01-EED0C56B9FD9}.Debug|Any CPU.Build.0 = Debug|Any CPU
		{764E3640-F9DB-4236-9C01-EED0C56B9FD9}.Release|Any CPU.ActiveCfg = Release|Any CPU
		{764E3640-F9DB-4236-9C01-EED0C56B9FD9}.Release|Any CPU.Build.0 = Release|Any CPU
		{D8DCC8CE-DC75-45A4-ADD6-1DB1C3AE37AF}.Debug|Any CPU.ActiveCfg = Debug|Any CPU
		{D8DCC8CE-DC75-45A4-ADD6-1DB1C3AE37AF}.Debug|Any CPU.Build.0 = Debug|Any CPU
		{D8DCC8CE-DC75-45A4-ADD6-1DB1C3AE37AF}.Release|Any CPU.ActiveCfg = Release|Any CPU
		{D8DCC8CE-DC75-45A4-ADD6-1DB1C3AE37AF}.Release|Any CPU.Build.0 = Release|Any CPU
		{7CF82991-D413-4C11-89A5-93EA3147A06D}.Debug|Any CPU.ActiveCfg = Debug|Any CPU
		{7CF82991-D413-4C11-89A5-93EA3147A06D}.Debug|Any CPU.Build.0 = Debug|Any CPU
		{7CF82991-D413-4C11-89A5-93EA3147A06D}.Release|Any CPU.ActiveCfg = Release|Any CPU
		{7CF82991-D413-4C11-89A5-93EA3147A06D}.Release|Any CPU.Build.0 = Release|Any CPU
		{B38B4485-260A-478E-9190-9A77F0AA455C}.Debug|Any CPU.ActiveCfg = Debug|Any CPU
		{B38B4485-260A-478E-9190-9A77F0AA455C}.Debug|Any CPU.Build.0 = Debug|Any CPU
		{B38B4485-260A-478E-9190-9A77F0AA455C}.Release|Any CPU.ActiveCfg = Release|Any CPU
		{B38B4485-260A-478E-9190-9A77F0AA455C}.Release|Any CPU.Build.0 = Release|Any CPU
		{F38C1D58-FEC9-477F-9DEC-9B05B06D9CC0}.Debug|Any CPU.ActiveCfg = Debug|Any CPU
		{F38C1D58-FEC9-477F-9DEC-9B05B06D9CC0}.Debug|Any CPU.Build.0 = Debug|Any CPU
		{F38C1D58-FEC9-477F-9DEC-9B05B06D9CC0}.Release|Any CPU.ActiveCfg = Release|Any CPU
		{F38C1D58-FEC9-477F-9DEC-9B05B06D9CC0}.Release|Any CPU.Build.0 = Release|Any CPU
		{4113FDE1-8E3F-4ACC-A084-1C0633F16CCF}.Debug|Any CPU.ActiveCfg = Debug|Any CPU
		{4113FDE1-8E3F-4ACC-A084-1C0633F16CCF}.Debug|Any CPU.Build.0 = Debug|Any CPU
		{4113FDE1-8E3F-4ACC-A084-1C0633F16CCF}.Release|Any CPU.ActiveCfg = Release|Any CPU
		{4113FDE1-8E3F-4ACC-A084-1C0633F16CCF}.Release|Any CPU.Build.0 = Release|Any CPU
		{95789005-6265-4214-AE8E-502CCAD8B037}.Debug|Any CPU.ActiveCfg = Debug|Any CPU
		{95789005-6265-4214-AE8E-502CCAD8B037}.Debug|Any CPU.Build.0 = Debug|Any CPU
		{95789005-6265-4214-AE8E-502CCAD8B037}.Release|Any CPU.ActiveCfg = Release|Any CPU
		{95789005-6265-4214-AE8E-502CCAD8B037}.Release|Any CPU.Build.0 = Release|Any CPU
		{9D8488FD-D3CF-40AE-AB0D-C25414D14971}.Debug|Any CPU.ActiveCfg = Debug|Any CPU
		{9D8488FD-D3CF-40AE-AB0D-C25414D14971}.Debug|Any CPU.Build.0 = Debug|Any CPU
		{9D8488FD-D3CF-40AE-AB0D-C25414D14971}.Release|Any CPU.ActiveCfg = Release|Any CPU
		{9D8488FD-D3CF-40AE-AB0D-C25414D14971}.Release|Any CPU.Build.0 = Release|Any CPU
		{23CC6CA8-870F-48EB-BADB-583858665377}.Debug|Any CPU.ActiveCfg = Debug|Any CPU
		{23CC6CA8-870F-48EB-BADB-583858665377}.Debug|Any CPU.Build.0 = Debug|Any CPU
		{23CC6CA8-870F-48EB-BADB-583858665377}.Release|Any CPU.ActiveCfg = Release|Any CPU
		{23CC6CA8-870F-48EB-BADB-583858665377}.Release|Any CPU.Build.0 = Release|Any CPU
		{49A3CA67-BBB6-4EF1-90C6-C1F9CA16783A}.Debug|Any CPU.ActiveCfg = Debug|Any CPU
		{49A3CA67-BBB6-4EF1-90C6-C1F9CA16783A}.Debug|Any CPU.Build.0 = Debug|Any CPU
		{49A3CA67-BBB6-4EF1-90C6-C1F9CA16783A}.Release|Any CPU.ActiveCfg = Release|Any CPU
		{49A3CA67-BBB6-4EF1-90C6-C1F9CA16783A}.Release|Any CPU.Build.0 = Release|Any CPU
		{27BD07F8-669E-4466-9BD9-C7188324583E}.Debug|Any CPU.ActiveCfg = Debug|Any CPU
		{27BD07F8-669E-4466-9BD9-C7188324583E}.Debug|Any CPU.Build.0 = Debug|Any CPU
		{27BD07F8-669E-4466-9BD9-C7188324583E}.Release|Any CPU.ActiveCfg = Release|Any CPU
		{27BD07F8-669E-4466-9BD9-C7188324583E}.Release|Any CPU.Build.0 = Release|Any CPU
		{1AC6FD27-162D-42D2-94C9-06520C5B4082}.Debug|Any CPU.ActiveCfg = Debug|Any CPU
		{1AC6FD27-162D-42D2-94C9-06520C5B4082}.Debug|Any CPU.Build.0 = Debug|Any CPU
		{1AC6FD27-162D-42D2-94C9-06520C5B4082}.Release|Any CPU.ActiveCfg = Release|Any CPU
		{1AC6FD27-162D-42D2-94C9-06520C5B4082}.Release|Any CPU.Build.0 = Release|Any CPU
		{CC9DDAD7-2B11-470A-A6F2-3097499EC5A5}.Debug|Any CPU.ActiveCfg = Debug|Any CPU
		{CC9DDAD7-2B11-470A-A6F2-3097499EC5A5}.Debug|Any CPU.Build.0 = Debug|Any CPU
		{CC9DDAD7-2B11-470A-A6F2-3097499EC5A5}.Release|Any CPU.ActiveCfg = Release|Any CPU
		{CC9DDAD7-2B11-470A-A6F2-3097499EC5A5}.Release|Any CPU.Build.0 = Release|Any CPU
		{C80A34BC-A070-470A-BE34-9EA4D4EE16ED}.Debug|Any CPU.ActiveCfg = Debug|Any CPU
		{C80A34BC-A070-470A-BE34-9EA4D4EE16ED}.Debug|Any CPU.Build.0 = Debug|Any CPU
		{C80A34BC-A070-470A-BE34-9EA4D4EE16ED}.Release|Any CPU.ActiveCfg = Release|Any CPU
		{C80A34BC-A070-470A-BE34-9EA4D4EE16ED}.Release|Any CPU.Build.0 = Release|Any CPU
		{71B43AD1-C6E6-4A29-A3F3-D2D298CCAF3E}.Debug|Any CPU.ActiveCfg = Debug|Any CPU
		{71B43AD1-C6E6-4A29-A3F3-D2D298CCAF3E}.Debug|Any CPU.Build.0 = Debug|Any CPU
		{71B43AD1-C6E6-4A29-A3F3-D2D298CCAF3E}.Release|Any CPU.ActiveCfg = Release|Any CPU
		{71B43AD1-C6E6-4A29-A3F3-D2D298CCAF3E}.Release|Any CPU.Build.0 = Release|Any CPU
	EndGlobalSection
	GlobalSection(SolutionProperties) = preSolution
		HideSolutionNode = FALSE
	EndGlobalSection
	GlobalSection(NestedProjects) = preSolution
		{D2D608C3-AA5E-4355-8A15-6ABF116DE442} = {07F29221-6FF1-4F6D-87A2-D5D23F736D58}
		{D59B8361-801A-403A-9D51-602EDD33EF7D} = {D2D608C3-AA5E-4355-8A15-6ABF116DE442}
		{C3CA2B90-6013-4E6C-835E-AD72E40A9111} = {D59B8361-801A-403A-9D51-602EDD33EF7D}
		{10206507-83D4-478A-9636-3002AB075E01} = {D59B8361-801A-403A-9D51-602EDD33EF7D}
		{764E3640-F9DB-4236-9C01-EED0C56B9FD9} = {D59B8361-801A-403A-9D51-602EDD33EF7D}
		{AF5E5EE6-717A-4A9E-B65E-50CE25D4C064} = {D2D608C3-AA5E-4355-8A15-6ABF116DE442}
		{D8DCC8CE-DC75-45A4-ADD6-1DB1C3AE37AF} = {AF5E5EE6-717A-4A9E-B65E-50CE25D4C064}
		{7CF82991-D413-4C11-89A5-93EA3147A06D} = {AF5E5EE6-717A-4A9E-B65E-50CE25D4C064}
		{643B9879-AA57-4445-9EF7-0C674A188975} = {07F29221-6FF1-4F6D-87A2-D5D23F736D58}
		{4281BEA4-916B-4627-BF72-A03519BCF1A8} = {643B9879-AA57-4445-9EF7-0C674A188975}
		{B38B4485-260A-478E-9190-9A77F0AA455C} = {4281BEA4-916B-4627-BF72-A03519BCF1A8}
		{AD4E9C46-738C-42DB-90E9-B83DD04DBF9E} = {D59B8361-801A-403A-9D51-602EDD33EF7D}
		{F38C1D58-FEC9-477F-9DEC-9B05B06D9CC0} = {AD4E9C46-738C-42DB-90E9-B83DD04DBF9E}
		{CCB9906C-91EB-460C-988E-5C0B02C06870} = {D59B8361-801A-403A-9D51-602EDD33EF7D}
		{1930D37C-1CD7-48FD-AEBB-48F8826666C9} = {CCB9906C-91EB-460C-988E-5C0B02C06870}
		{4113FDE1-8E3F-4ACC-A084-1C0633F16CCF} = {1930D37C-1CD7-48FD-AEBB-48F8826666C9}
		{95789005-6265-4214-AE8E-502CCAD8B037} = {1930D37C-1CD7-48FD-AEBB-48F8826666C9}
		{6F42C625-6050-4805-AB64-B6127708331A} = {D59B8361-801A-403A-9D51-602EDD33EF7D}
		{ECC5389F-0D0A-4494-924F-4D2E542F4B87} = {6F42C625-6050-4805-AB64-B6127708331A}
		{9D8488FD-D3CF-40AE-AB0D-C25414D14971} = {ECC5389F-0D0A-4494-924F-4D2E542F4B87}
		{F3883909-AA93-4C41-9A7F-BEC20977005B} = {AF5E5EE6-717A-4A9E-B65E-50CE25D4C064}
		{2A0F2577-EC75-4B18-A8E1-73FF2CC90987} = {F3883909-AA93-4C41-9A7F-BEC20977005B}
		{23CC6CA8-870F-48EB-BADB-583858665377} = {2A0F2577-EC75-4B18-A8E1-73FF2CC90987}
		{49A3CA67-BBB6-4EF1-90C6-C1F9CA16783A} = {2A0F2577-EC75-4B18-A8E1-73FF2CC90987}
		{D65A1985-A48C-4D93-BB5A-255F263FD114} = {AF5E5EE6-717A-4A9E-B65E-50CE25D4C064}
		{258A521B-DE31-4E85-92C3-717B64FFD25A} = {D65A1985-A48C-4D93-BB5A-255F263FD114}
		{27BD07F8-669E-4466-9BD9-C7188324583E} = {258A521B-DE31-4E85-92C3-717B64FFD25A}
		{26F7E469-54E0-4932-96E4-E6881D56A407} = {4281BEA4-916B-4627-BF72-A03519BCF1A8}
		{8840E789-6BBA-4BD4-B888-22DA11334CAC} = {26F7E469-54E0-4932-96E4-E6881D56A407}
		{1AC6FD27-162D-42D2-94C9-06520C5B4082} = {8840E789-6BBA-4BD4-B888-22DA11334CAC}
		{A67991AE-4FBA-474C-BA85-59BED0F9BCCB} = {D59B8361-801A-403A-9D51-602EDD33EF7D}
		{CC5AD7D1-12F2-48EB-BE1F-ABE78DD3359B} = {A67991AE-4FBA-474C-BA85-59BED0F9BCCB}
		{FC84EB81-42CA-447A-B95A-5D11ECA98548} = {CC5AD7D1-12F2-48EB-BE1F-ABE78DD3359B}
		{CC9DDAD7-2B11-470A-A6F2-3097499EC5A5} = {FC84EB81-42CA-447A-B95A-5D11ECA98548}
		{06A95D67-0406-4257-92E1-A659CB1720AA} = {1930D37C-1CD7-48FD-AEBB-48F8826666C9}
		{3D856C84-B3F3-4613-8C4F-F5AE8766533F} = {06A95D67-0406-4257-92E1-A659CB1720AA}
		{C80A34BC-A070-470A-BE34-9EA4D4EE16ED} = {3D856C84-B3F3-4613-8C4F-F5AE8766533F}
		{F370B1E8-BC9D-4674-901D-DA31A1554971} = {2A0F2577-EC75-4B18-A8E1-73FF2CC90987}
		{085AFC57-FFA9-491E-816B-C355FC034D69} = {F370B1E8-BC9D-4674-901D-DA31A1554971}
		{71B43AD1-C6E6-4A29-A3F3-D2D298CCAF3E} = {085AFC57-FFA9-491E-816B-C355FC034D69}
	EndGlobalSection
	GlobalSection(ExtensibilityGlobals) = postSolution
		SolutionGuid = {6D920A7B-62F3-4A44-A7FF-BE63B03A4B95}
	EndGlobalSection
EndGlobal
